
Microsoft Visual Studio Solution File, Format Version 12.00
# Visual Studio Version 18
VisualStudioVersion = 18.0.11205.157
MinimumVisualStudioVersion = 10.0.40219.1
Project("{FAE04EC0-301F-11D3-BF4B-00C04F79EFBC}") = "InsuranceAgent", "InsuranceAgent\InsuranceAgent.csproj", "{8A4E689F-5B16-4BC8-8964-7267C19A723A}"
EndProject
Project("{FAE04EC0-301F-11D3-BF4B-00C04F79EFBC}") = "ConversaCore", "ConversaCore\ConversaCore.csproj", "{23E8D98B-D26F-F840-C967-37D4E32E4EBD}"
EndProject
Project("{FAE04EC0-301F-11D3-BF4B-00C04F79EFBC}") = "ConversaCore.Tests", "ConversaCore.Tests\ConversaCore.Tests.csproj", "{294822AD-48BE-4D72-82F0-285D1C0E14A0}"
EndProject
Project("{2150E333-8FDC-42A3-9474-1A3956D46DE8}") = "Solution Items", "Solution Items", "{8EC462FD-D22E-90A8-E5CE-7E832BA40C5D}"
	ProjectSection(SolutionItems) = preProject
		mcp.json = mcp.json
		tests.ps1 = tests.ps1
	EndProjectSection
EndProject
Project("{FAE04EC0-301F-11D3-BF4B-00C04F79EFBC}") = "InsuranceSemanticV2.Core", "InsuranceSemanticV2.Core\InsuranceSemanticV2.Core.csproj", "{5D732F18-10D1-4419-A0C8-8692A1C56C0B}"
EndProject
Project("{FAE04EC0-301F-11D3-BF4B-00C04F79EFBC}") = "InsuranceSemanticV2.Data", "InsuranceSemanticV2.Data\InsuranceSemanticV2.Data.csproj", "{C908D870-579C-463C-AAEE-371506AB9B51}"
EndProject
Project("{FAE04EC0-301F-11D3-BF4B-00C04F79EFBC}") = "InsuranceSemanticV2.Api", "InsuranceSemanticV2.Api\InsuranceSemanticV2.Api.csproj", "{C42AF7A5-7658-4BA7-83E1-7B2C2868EB19}"
EndProject
Project("{FAE04EC0-301F-11D3-BF4B-00C04F79EFBC}") = "LiveAgentConsole", "LiveAgentConsole\LiveAgentConsole.csproj", "{13010802-7085-4111-9125-C018B22F77D9}"
EndProject
Project("{FAE04EC0-301F-11D3-BF4B-00C04F79EFBC}") = "InsuranceSemanticV2.IntegrationTests", "InsuranceSemanticV2.IntegrationTests\InsuranceSemanticV2.IntegrationTests.csproj", "{19B40BDB-3233-4AE1-B28E-202A991644E9}"
EndProject
Project("{FAE04EC0-301F-11D3-BF4B-00C04F79EFBC}") = "ConversaCore.UI", "ConversaCore.UI\ConversaCore.UI.csproj", "{8CD43CB4-8524-4B8C-B7BB-0C5ADB215FA0}"
EndProject
Global
	GlobalSection(SolutionConfigurationPlatforms) = preSolution
		Debug|Any CPU = Debug|Any CPU
		Debug|x64 = Debug|x64
		Debug|x86 = Debug|x86
		Release|Any CPU = Release|Any CPU
		Release|x64 = Release|x64
		Release|x86 = Release|x86
	EndGlobalSection
	GlobalSection(ProjectConfigurationPlatforms) = postSolution
		{8A4E689F-5B16-4BC8-8964-7267C19A723A}.Debug|Any CPU.ActiveCfg = Debug|Any CPU
		{8A4E689F-5B16-4BC8-8964-7267C19A723A}.Debug|Any CPU.Build.0 = Debug|Any CPU
		{8A4E689F-5B16-4BC8-8964-7267C19A723A}.Debug|x64.ActiveCfg = Debug|Any CPU
		{8A4E689F-5B16-4BC8-8964-7267C19A723A}.Debug|x64.Build.0 = Debug|Any CPU
		{8A4E689F-5B16-4BC8-8964-7267C19A723A}.Debug|x86.ActiveCfg = Debug|Any CPU
		{8A4E689F-5B16-4BC8-8964-7267C19A723A}.Debug|x86.Build.0 = Debug|Any CPU
		{8A4E689F-5B16-4BC8-8964-7267C19A723A}.Release|Any CPU.ActiveCfg = Release|Any CPU
		{8A4E689F-5B16-4BC8-8964-7267C19A723A}.Release|Any CPU.Build.0 = Release|Any CPU
		{8A4E689F-5B16-4BC8-8964-7267C19A723A}.Release|x64.ActiveCfg = Release|Any CPU
		{8A4E689F-5B16-4BC8-8964-7267C19A723A}.Release|x64.Build.0 = Release|Any CPU
		{8A4E689F-5B16-4BC8-8964-7267C19A723A}.Release|x86.ActiveCfg = Release|Any CPU
		{8A4E689F-5B16-4BC8-8964-7267C19A723A}.Release|x86.Build.0 = Release|Any CPU
		{23E8D98B-D26F-F840-C967-37D4E32E4EBD}.Debug|Any CPU.ActiveCfg = Debug|Any CPU
		{23E8D98B-D26F-F840-C967-37D4E32E4EBD}.Debug|Any CPU.Build.0 = Debug|Any CPU
		{23E8D98B-D26F-F840-C967-37D4E32E4EBD}.Debug|x64.ActiveCfg = Debug|Any CPU
		{23E8D98B-D26F-F840-C967-37D4E32E4EBD}.Debug|x64.Build.0 = Debug|Any CPU
		{23E8D98B-D26F-F840-C967-37D4E32E4EBD}.Debug|x86.ActiveCfg = Debug|Any CPU
		{23E8D98B-D26F-F840-C967-37D4E32E4EBD}.Debug|x86.Build.0 = Debug|Any CPU
		{23E8D98B-D26F-F840-C967-37D4E32E4EBD}.Release|Any CPU.ActiveCfg = Release|Any CPU
		{23E8D98B-D26F-F840-C967-37D4E32E4EBD}.Release|Any CPU.Build.0 = Release|Any CPU
		{23E8D98B-D26F-F840-C967-37D4E32E4EBD}.Release|x64.ActiveCfg = Release|Any CPU
		{23E8D98B-D26F-F840-C967-37D4E32E4EBD}.Release|x64.Build.0 = Release|Any CPU
		{23E8D98B-D26F-F840-C967-37D4E32E4EBD}.Release|x86.ActiveCfg = Release|Any CPU
		{23E8D98B-D26F-F840-C967-37D4E32E4EBD}.Release|x86.Build.0 = Release|Any CPU
		{294822AD-48BE-4D72-82F0-285D1C0E14A0}.Debug|Any CPU.ActiveCfg = Debug|Any CPU
		{294822AD-48BE-4D72-82F0-285D1C0E14A0}.Debug|Any CPU.Build.0 = Debug|Any CPU
		{294822AD-48BE-4D72-82F0-285D1C0E14A0}.Debug|x64.ActiveCfg = Debug|Any CPU
		{294822AD-48BE-4D72-82F0-285D1C0E14A0}.Debug|x64.Build.0 = Debug|Any CPU
		{294822AD-48BE-4D72-82F0-285D1C0E14A0}.Debug|x86.ActiveCfg = Debug|Any CPU
		{294822AD-48BE-4D72-82F0-285D1C0E14A0}.Debug|x86.Build.0 = Debug|Any CPU
		{294822AD-48BE-4D72-82F0-285D1C0E14A0}.Release|Any CPU.ActiveCfg = Release|Any CPU
		{294822AD-48BE-4D72-82F0-285D1C0E14A0}.Release|Any CPU.Build.0 = Release|Any CPU
		{294822AD-48BE-4D72-82F0-285D1C0E14A0}.Release|x64.ActiveCfg = Release|Any CPU
		{294822AD-48BE-4D72-82F0-285D1C0E14A0}.Release|x64.Build.0 = Release|Any CPU
		{294822AD-48BE-4D72-82F0-285D1C0E14A0}.Release|x86.ActiveCfg = Release|Any CPU
		{294822AD-48BE-4D72-82F0-285D1C0E14A0}.Release|x86.Build.0 = Release|Any CPU
		{5D732F18-10D1-4419-A0C8-8692A1C56C0B}.Debug|Any CPU.ActiveCfg = Debug|Any CPU
		{5D732F18-10D1-4419-A0C8-8692A1C56C0B}.Debug|Any CPU.Build.0 = Debug|Any CPU
		{5D732F18-10D1-4419-A0C8-8692A1C56C0B}.Debug|x64.ActiveCfg = Debug|Any CPU
		{5D732F18-10D1-4419-A0C8-8692A1C56C0B}.Debug|x64.Build.0 = Debug|Any CPU
		{5D732F18-10D1-4419-A0C8-8692A1C56C0B}.Debug|x86.ActiveCfg = Debug|Any CPU
		{5D732F18-10D1-4419-A0C8-8692A1C56C0B}.Debug|x86.Build.0 = Debug|Any CPU
		{5D732F18-10D1-4419-A0C8-8692A1C56C0B}.Release|Any CPU.ActiveCfg = Release|Any CPU
		{5D732F18-10D1-4419-A0C8-8692A1C56C0B}.Release|Any CPU.Build.0 = Release|Any CPU
		{5D732F18-10D1-4419-A0C8-8692A1C56C0B}.Release|x64.ActiveCfg = Release|Any CPU
		{5D732F18-10D1-4419-A0C8-8692A1C56C0B}.Release|x64.Build.0 = Release|Any CPU
		{5D732F18-10D1-4419-A0C8-8692A1C56C0B}.Release|x86.ActiveCfg = Release|Any CPU
		{5D732F18-10D1-4419-A0C8-8692A1C56C0B}.Release|x86.Build.0 = Release|Any CPU
		{C908D870-579C-463C-AAEE-371506AB9B51}.Debug|Any CPU.ActiveCfg = Debug|Any CPU
		{C908D870-579C-463C-AAEE-371506AB9B51}.Debug|Any CPU.Build.0 = Debug|Any CPU
		{C908D870-579C-463C-AAEE-371506AB9B51}.Debug|x64.ActiveCfg = Debug|Any CPU
		{C908D870-579C-463C-AAEE-371506AB9B51}.Debug|x64.Build.0 = Debug|Any CPU
		{C908D870-579C-463C-AAEE-371506AB9B51}.Debug|x86.ActiveCfg = Debug|Any CPU
		{C908D870-579C-463C-AAEE-371506AB9B51}.Debug|x86.Build.0 = Debug|Any CPU
		{C908D870-579C-463C-AAEE-371506AB9B51}.Release|Any CPU.ActiveCfg = Release|Any CPU
		{C908D870-579C-463C-AAEE-371506AB9B51}.Release|Any CPU.Build.0 = Release|Any CPU
		{C908D870-579C-463C-AAEE-371506AB9B51}.Release|x64.ActiveCfg = Release|Any CPU
		{C908D870-579C-463C-AAEE-371506AB9B51}.Release|x64.Build.0 = Release|Any CPU
		{C908D870-579C-463C-AAEE-371506AB9B51}.Release|x86.ActiveCfg = Release|Any CPU
		{C908D870-579C-463C-AAEE-371506AB9B51}.Release|x86.Build.0 = Release|Any CPU
		{C42AF7A5-7658-4BA7-83E1-7B2C2868EB19}.Debug|Any CPU.ActiveCfg = Debug|Any CPU
		{C42AF7A5-7658-4BA7-83E1-7B2C2868EB19}.Debug|Any CPU.Build.0 = Debug|Any CPU
		{C42AF7A5-7658-4BA7-83E1-7B2C2868EB19}.Debug|x64.ActiveCfg = Debug|Any CPU
		{C42AF7A5-7658-4BA7-83E1-7B2C2868EB19}.Debug|x64.Build.0 = Debug|Any CPU
		{C42AF7A5-7658-4BA7-83E1-7B2C2868EB19}.Debug|x86.ActiveCfg = Debug|Any CPU
		{C42AF7A5-7658-4BA7-83E1-7B2C2868EB19}.Debug|x86.Build.0 = Debug|Any CPU
		{C42AF7A5-7658-4BA7-83E1-7B2C2868EB19}.Release|Any CPU.ActiveCfg = Release|Any CPU
		{C42AF7A5-7658-4BA7-83E1-7B2C2868EB19}.Release|Any CPU.Build.0 = Release|Any CPU
		{C42AF7A5-7658-4BA7-83E1-7B2C2868EB19}.Release|x64.ActiveCfg = Release|Any CPU
		{C42AF7A5-7658-4BA7-83E1-7B2C2868EB19}.Release|x64.Build.0 = Release|Any CPU
		{C42AF7A5-7658-4BA7-83E1-7B2C2868EB19}.Release|x86.ActiveCfg = Release|Any CPU
		{C42AF7A5-7658-4BA7-83E1-7B2C2868EB19}.Release|x86.Build.0 = Release|Any CPU
		{13010802-7085-4111-9125-C018B22F77D9}.Debug|Any CPU.ActiveCfg = Debug|Any CPU
		{13010802-7085-4111-9125-C018B22F77D9}.Debug|Any CPU.Build.0 = Debug|Any CPU
		{13010802-7085-4111-9125-C018B22F77D9}.Debug|x64.ActiveCfg = Debug|Any CPU
		{13010802-7085-4111-9125-C018B22F77D9}.Debug|x64.Build.0 = Debug|Any CPU
		{13010802-7085-4111-9125-C018B22F77D9}.Debug|x86.ActiveCfg = Debug|Any CPU
		{13010802-7085-4111-9125-C018B22F77D9}.Debug|x86.Build.0 = Debug|Any CPU
		{13010802-7085-4111-9125-C018B22F77D9}.Release|Any CPU.ActiveCfg = Release|Any CPU
		{13010802-7085-4111-9125-C018B22F77D9}.Release|Any CPU.Build.0 = Release|Any CPU
		{13010802-7085-4111-9125-C018B22F77D9}.Release|x64.ActiveCfg = Release|Any CPU
		{13010802-7085-4111-9125-C018B22F77D9}.Release|x64.Build.0 = Release|Any CPU
		{13010802-7085-4111-9125-C018B22F77D9}.Release|x86.ActiveCfg = Release|Any CPU
		{13010802-7085-4111-9125-C018B22F77D9}.Release|x86.Build.0 = Release|Any CPU
		{19B40BDB-3233-4AE1-B28E-202A991644E9}.Debug|Any CPU.ActiveCfg = Debug|Any CPU
		{19B40BDB-3233-4AE1-B28E-202A991644E9}.Debug|Any CPU.Build.0 = Debug|Any CPU
		{19B40BDB-3233-4AE1-B28E-202A991644E9}.Debug|x64.ActiveCfg = Debug|Any CPU
		{19B40BDB-3233-4AE1-B28E-202A991644E9}.Debug|x64.Build.0 = Debug|Any CPU
		{19B40BDB-3233-4AE1-B28E-202A991644E9}.Debug|x86.ActiveCfg = Debug|Any CPU
		{19B40BDB-3233-4AE1-B28E-202A991644E9}.Debug|x86.Build.0 = Debug|Any CPU
		{19B40BDB-3233-4AE1-B28E-202A991644E9}.Release|Any CPU.ActiveCfg = Release|Any CPU
		{19B40BDB-3233-4AE1-B28E-202A991644E9}.Release|Any CPU.Build.0 = Release|Any CPU
		{19B40BDB-3233-4AE1-B28E-202A991644E9}.Release|x64.ActiveCfg = Release|Any CPU
		{19B40BDB-3233-4AE1-B28E-202A991644E9}.Release|x64.Build.0 = Release|Any CPU
		{19B40BDB-3233-4AE1-B28E-202A991644E9}.Release|x86.ActiveCfg = Release|Any CPU
		{19B40BDB-3233-4AE1-B28E-202A991644E9}.Release|x86.Build.0 = Release|Any CPU
		{8CD43CB4-8524-4B8C-B7BB-0C5ADB215FA0}.Debug|Any CPU.ActiveCfg = Debug|Any CPU
		{8CD43CB4-8524-4B8C-B7BB-0C5ADB215FA0}.Debug|Any CPU.Build.0 = Debug|Any CPU
		{8CD43CB4-8524-4B8C-B7BB-0C5ADB215FA0}.Debug|x64.ActiveCfg = Debug|Any CPU
		{8CD43CB4-8524-4B8C-B7BB-0C5ADB215FA0}.Debug|x64.Build.0 = Debug|Any CPU
		{8CD43CB4-8524-4B8C-B7BB-0C5ADB215FA0}.Debug|x86.ActiveCfg = Debug|Any CPU
		{8CD43CB4-8524-4B8C-B7BB-0C5ADB215FA0}.Debug|x86.Build.0 = Debug|Any CPU
		{8CD43CB4-8524-4B8C-B7BB-0C5ADB215FA0}.Release|Any CPU.ActiveCfg = Release|Any CPU
		{8CD43CB4-8524-4B8C-B7BB-0C5ADB215FA0}.Release|Any CPU.Build.0 = Release|Any CPU
		{8CD43CB4-8524-4B8C-B7BB-0C5ADB215FA0}.Release|x64.ActiveCfg = Release|Any CPU
		{8CD43CB4-8524-4B8C-B7BB-0C5ADB215FA0}.Release|x64.Build.0 = Release|Any CPU
		{8CD43CB4-8524-4B8C-B7BB-0C5ADB215FA0}.Release|x86.ActiveCfg = Release|Any CPU
		{8CD43CB4-8524-4B8C-B7BB-0C5ADB215FA0}.Release|x86.Build.0 = Release|Any CPU
	EndGlobalSection
	GlobalSection(SolutionProperties) = preSolution
		HideSolutionNode = FALSE
	EndGlobalSection
	GlobalSection(ExtensibilityGlobals) = postSolution
		SolutionGuid = {E74DE494-0E6F-428B-84B5-D33B8BE86AB4}
	EndGlobalSection
EndGlobal
