
Microsoft Visual Studio Solution File, Format Version 12.00
# Visual Studio Version 18
VisualStudioVersion = 18.2.11408.102
MinimumVisualStudioVersion = 10.0.40219.1
Project("{FAE04EC0-301F-11D3-BF4B-00C04F79EFBC}") = "ConversaCore.BlazorTemplateHost", "ConversaCore.BlazorTemplateHost.csproj", "{3308CA24-6CBB-2676-B73B-1EC2A3CBE2A2}"
EndProject
Global
	GlobalSection(SolutionConfigurationPlatforms) = preSolution
		Debug|Any CPU = Debug|Any CPU
		Release|Any CPU = Release|Any CPU
	EndGlobalSection
	GlobalSection(ProjectConfigurationPlatforms) = postSolution
		{3308CA24-6CBB-2676-B73B-1EC2A3CBE2A2}.Debug|Any CPU.ActiveCfg = Debug|Any CPU
		{3308CA24-6CBB-2676-B73B-1EC2A3CBE2A2}.Debug|Any CPU.Build.0 = Debug|Any CPU
		{3308CA24-6CBB-2676-B73B-1EC2A3CBE2A2}.Release|Any CPU.ActiveCfg = Release|Any CPU
		{3308CA24-6CBB-2676-B73B-1EC2A3CBE2A2}.Release|Any CPU.Build.0 = Release|Any CPU
	EndGlobalSection
	GlobalSection(SolutionProperties) = preSolution
		HideSolutionNode = FALSE
	EndGlobalSection
	GlobalSection(ExtensibilityGlobals) = postSolution
		SolutionGuid = {AD8C829A-4957-4417-90D3-A67D77DBA87A}
	EndGlobalSection
EndGlobal
